// !$*UTF8*$!
{
	archiveVersion = 1;
	classes = {
	};
	objectVersion = 50;
	objects = {

/* Begin PBXBuildFile section */
		DA8ED31F267952FB00D41D52 /* ios_photo_galleryApp.swift in Sources */ = {isa = PBXBuildFile; fileRef = DA8ED31E267952FB00D41D52 /* ios_photo_galleryApp.swift */; };
		DA8ED321267952FB00D41D52 /* ContentView.swift in Sources */ = {isa = PBXBuildFile; fileRef = DA8ED320267952FB00D41D52 /* ContentView.swift */; };
		DA8ED323267952FC00D41D52 /* Assets.xcassets in Resources */ = {isa = PBXBuildFile; fileRef = DA8ED322267952FC00D41D52 /* Assets.xcassets */; };
		DA8ED326267952FC00D41D52 /* Preview Assets.xcassets in Resources */ = {isa = PBXBuildFile; fileRef = DA8ED325267952FC00D41D52 /* Preview Assets.xcassets */; };
		DACD1CB7267A6E9C00E44644 /* p14.HEIC in Resources */ = {isa = PBXBuildFile; fileRef = DACD1CA2267A6E9A00E44644 /* p14.HEIC */; };
		DACD1CB8267A6E9C00E44644 /* p8.JPG in Resources */ = {isa = PBXBuildFile; fileRef = DACD1CA3267A6E9A00E44644 /* p8.JPG */; };
		DACD1CB9267A6E9C00E44644 /* p1.HEIC in Resources */ = {isa = PBXBuildFile; fileRef = DACD1CA4267A6E9A00E44644 /* p1.HEIC */; };
		DACD1CBA267A6E9C00E44644 /* p4.HEIC in Resources */ = {isa = PBXBuildFile; fileRef = DACD1CA5267A6E9A00E44644 /* p4.HEIC */; };
		DACD1CBB267A6E9C00E44644 /* p16.HEIC in Resources */ = {isa = PBXBuildFile; fileRef = DACD1CA6267A6E9A00E44644 /* p16.HEIC */; };
		DACD1CBC267A6E9C00E44644 /* p3.HEIC in Resources */ = {isa = PBXBuildFile; fileRef = DACD1CA7267A6E9A00E44644 /* p3.HEIC */; };
		DACD1CBD267A6E9C00E44644 /* p2.HEIC in Resources */ = {isa = PBXBuildFile; fileRef = DACD1CA8267A6E9A00E44644 /* p2.HEIC */; };
		DACD1CBE267A6E9C00E44644 /* p7.JPG in Resources */ = {isa = PBXBuildFile; fileRef = DACD1CA9267A6E9A00E44644 /* p7.JPG */; };
		DACD1CBF267A6E9C00E44644 /* p9.HEIC in Resources */ = {isa = PBXBuildFile; fileRef = DACD1CAA267A6E9B00E44644 /* p9.HEIC */; };
		DACD1CC0267A6E9C00E44644 /* p12.HEIC in Resources */ = {isa = PBXBuildFile; fileRef = DACD1CAB267A6E9B00E44644 /* p12.HEIC */; };
		DACD1CC1267A6E9C00E44644 /* p13.HEIC in Resources */ = {isa = PBXBuildFile; fileRef = DACD1CAC267A6E9B00E44644 /* p13.HEIC */; };
		DACD1CC2267A6E9C00E44644 /* p20.HEIC in Resources */ = {isa = PBXBuildFile; fileRef = DACD1CAD267A6E9B00E44644 /* p20.HEIC */; };
		DACD1CC3267A6E9C00E44644 /* p19.HEIC in Resources */ = {isa = PBXBuildFile; fileRef = DACD1CAE267A6E9B00E44644 /* p19.HEIC */; };
		DACD1CC4267A6E9C00E44644 /* p11.HEIC in Resources */ = {isa = PBXBuildFile; fileRef = DACD1CAF267A6E9B00E44644 /* p11.HEIC */; };
		DACD1CC5267A6E9C00E44644 /* p15.JPG in Resources */ = {isa = PBXBuildFile; fileRef = DACD1CB0267A6E9B00E44644 /* p15.JPG */; };
		DACD1CC6267A6E9C00E44644 /* p17.HEIC in Resources */ = {isa = PBXBuildFile; fileRef = DACD1CB1267A6E9B00E44644 /* p17.HEIC */; };
		DACD1CC7267A6E9C00E44644 /* p5.HEIC in Resources */ = {isa = PBXBuildFile; fileRef = DACD1CB2267A6E9C00E44644 /* p5.HEIC */; };
		DACD1CC8267A6E9C00E44644 /* p6.HEIC in Resources */ = {isa = PBXBuildFile; fileRef = DACD1CB3267A6E9C00E44644 /* p6.HEIC */; };
		DACD1CC9267A6E9C00E44644 /* p10.HEIC in Resources */ = {isa = PBXBuildFile; fileRef = DACD1CB4267A6E9C00E44644 /* p10.HEIC */; };
		DACD1CCA267A6E9C00E44644 /* p18.HEIC in Resources */ = {isa = PBXBuildFile; fileRef = DACD1CB5267A6E9C00E44644 /* p18.HEIC */; };
		DACD1CCB267A6E9C00E44644 /* p21.JPG in Resources */ = {isa = PBXBuildFile; fileRef = DACD1CB6267A6E9C00E44644 /* p21.JPG */; };
		DACD1CCF267A72FD00E44644 /* ImageModel.swift in Sources */ = {isa = PBXBuildFile; fileRef = DACD1CCE267A72FD00E44644 /* ImageModel.swift */; };
/* End PBXBuildFile section */

/* Begin PBXFileReference section */
		DA8ED31B267952FB00D41D52 /* ios-photo-gallery.app */ = {isa = PBXFileReference; explicitFileType = wrapper.application; includeInIndex = 0; path = "ios-photo-gallery.app"; sourceTree = BUILT_PRODUCTS_DIR; };
		DA8ED31E267952FB00D41D52 /* ios_photo_galleryApp.swift */ = {isa = PBXFileReference; lastKnownFileType = sourcecode.swift; path = ios_photo_galleryApp.swift; sourceTree = "<group>"; };
		DA8ED320267952FB00D41D52 /* ContentView.swift */ = {isa = PBXFileReference; lastKnownFileType = sourcecode.swift; path = ContentView.swift; sourceTree = "<group>"; };
		DA8ED322267952FC00D41D52 /* Assets.xcassets */ = {isa = PBXFileReference; lastKnownFileType = folder.assetcatalog; path = Assets.xcassets; sourceTree = "<group>"; };
		DA8ED325267952FC00D41D52 /* Preview Assets.xcassets */ = {isa = PBXFileReference; lastKnownFileType = folder.assetcatalog; path = "Preview Assets.xcassets"; sourceTree = "<group>"; };
		DA8ED327267952FC00D41D52 /* Info.plist */ = {isa = PBXFileReference; lastKnownFileType = text.plist.xml; path = Info.plist; sourceTree = "<group>"; };
		DACD1CA2267A6E9A00E44644 /* p14.HEIC */ = {isa = PBXFileReference; lastKnownFileType = file; path = p14.HEIC; sourceTree = "<group>"; };
		DACD1CA3267A6E9A00E44644 /* p8.JPG */ = {isa = PBXFileReference; lastKnownFileType = image.jpeg; path = p8.JPG; sourceTree = "<group>"; };
		DACD1CA4267A6E9A00E44644 /* p1.HEIC */ = {isa = PBXFileReference; lastKnownFileType = file; path = p1.HEIC; sourceTree = "<group>"; };
		DACD1CA5267A6E9A00E44644 /* p4.HEIC */ = {isa = PBXFileReference; lastKnownFileType = file; path = p4.HEIC; sourceTree = "<group>"; };
		DACD1CA6267A6E9A00E44644 /* p16.HEIC */ = {isa = PBXFileReference; lastKnownFileType = file; path = p16.HEIC; sourceTree = "<group>"; };
		DACD1CA7267A6E9A00E44644 /* p3.HEIC */ = {isa = PBXFileReference; lastKnownFileType = file; path = p3.HEIC; sourceTree = "<group>"; };
		DACD1CA8267A6E9A00E44644 /* p2.HEIC */ = {isa = PBXFileReference; lastKnownFileType = file; path = p2.HEIC; sourceTree = "<group>"; };
		DACD1CA9267A6E9A00E44644 /* p7.JPG */ = {isa = PBXFileReference; lastKnownFileType = image.jpeg; path = p7.JPG; sourceTree = "<group>"; };
		DACD1CAA267A6E9B00E44644 /* p9.HEIC */ = {isa = PBXFileReference; lastKnownFileType = file; path = p9.HEIC; sourceTree = "<group>"; };
		DACD1CAB267A6E9B00E44644 /* p12.HEIC */ = {isa = PBXFileReference; lastKnownFileType = file; path = p12.HEIC; sourceTree = "<group>"; };
		DACD1CAC267A6E9B00E44644 /* p13.HEIC */ = {isa = PBXFileReference; lastKnownFileType = file; path = p13.HEIC; sourceTree = "<group>"; };
		DACD1CAD267A6E9B00E44644 /* p20.HEIC */ = {isa = PBXFileReference; lastKnownFileType = file; path = p20.HEIC; sourceTree = "<group>"; };
		DACD1CAE267A6E9B00E44644 /* p19.HEIC */ = {isa = PBXFileReference; lastKnownFileType = file; path = p19.HEIC; sourceTree = "<group>"; };
		DACD1CAF267A6E9B00E44644 /* p11.HEIC */ = {isa = PBXFileReference; lastKnownFileType = file; path = p11.HEIC; sourceTree = "<group>"; };
		DACD1CB0267A6E9B00E44644 /* p15.JPG */ = {isa = PBXFileReference; lastKnownFileType = image.jpeg; path = p15.JPG; sourceTree = "<group>"; };
		DACD1CB1267A6E9B00E44644 /* p17.HEIC */ = {isa = PBXFileReference; lastKnownFileType = file; path = p17.HEIC; sourceTree = "<group>"; };
		DACD1CB2267A6E9C00E44644 /* p5.HEIC */ = {isa = PBXFileReference; lastKnownFileType = file; path = p5.HEIC; sourceTree = "<group>"; };
		DACD1CB3267A6E9C00E44644 /* p6.HEIC */ = {isa = PBXFileReference; lastKnownFileType = file; path = p6.HEIC; sourceTree = "<group>"; };
		DACD1CB4267A6E9C00E44644 /* p10.HEIC */ = {isa = PBXFileReference; lastKnownFileType = file; path = p10.HEIC; sourceTree = "<group>"; };
		DACD1CB5267A6E9C00E44644 /* p18.HEIC */ = {isa = PBXFileReference; lastKnownFileType = file; path = p18.HEIC; sourceTree = "<group>"; };
		DACD1CB6267A6E9C00E44644 /* p21.JPG */ = {isa = PBXFileReference; lastKnownFileType = image.jpeg; path = p21.JPG; sourceTree = "<group>"; };
		DACD1CCE267A72FD00E44644 /* ImageModel.swift */ = {isa = PBXFileReference; lastKnownFileType = sourcecode.swift; path = ImageModel.swift; sourceTree = "<group>"; };
/* End PBXFileReference section */

/* Begin PBXFrameworksBuildPhase section */
		DA8ED318267952FB00D41D52 /* Frameworks */ = {
			isa = PBXFrameworksBuildPhase;
			buildActionMask = 2147483647;
			files = (
			);
			runOnlyForDeploymentPostprocessing = 0;
		};
/* End PBXFrameworksBuildPhase section */

/* Begin PBXGroup section */
		DA8ED312267952FB00D41D52 = {
			isa = PBXGroup;
			children = (
				DA8ED31D267952FB00D41D52 /* ios-photo-gallery */,
				DA8ED31C267952FB00D41D52 /* Products */,
			);
			sourceTree = "<group>";
		};
		DA8ED31C267952FB00D41D52 /* Products */ = {
			isa = PBXGroup;
			children = (
				DA8ED31B267952FB00D41D52 /* ios-photo-gallery.app */,
			);
			name = Products;
			sourceTree = "<group>";
		};
		DA8ED31D267952FB00D41D52 /* ios-photo-gallery */ = {
			isa = PBXGroup;
			children = (
				DACD1CCD267A726100E44644 /* model */,
				DACD1CCC267A723000E44644 /* views */,
				DACD1CA1267A6E7C00E44644 /* pics */,
				DA8ED31E267952FB00D41D52 /* ios_photo_galleryApp.swift */,
				DA8ED320267952FB00D41D52 /* ContentView.swift */,
				DA8ED322267952FC00D41D52 /* Assets.xcassets */,
				DA8ED327267952FC00D41D52 /* Info.plist */,
				DA8ED324267952FC00D41D52 /* Preview Content */,
			);
			path = "ios-photo-gallery";
			sourceTree = "<group>";
		};
		DA8ED324267952FC00D41D52 /* Preview Content */ = {
			isa = PBXGroup;
			children = (
				DA8ED325267952FC00D41D52 /* Preview Assets.xcassets */,
			);
			path = "Preview Content";
			sourceTree = "<group>";
		};
		DACD1CA1267A6E7C00E44644 /* pics */ = {
			isa = PBXGroup;
			children = (
				DACD1CA4267A6E9A00E44644 /* p1.HEIC */,
				DACD1CA8267A6E9A00E44644 /* p2.HEIC */,
				DACD1CA7267A6E9A00E44644 /* p3.HEIC */,
				DACD1CA5267A6E9A00E44644 /* p4.HEIC */,
				DACD1CB2267A6E9C00E44644 /* p5.HEIC */,
				DACD1CB3267A6E9C00E44644 /* p6.HEIC */,
				DACD1CA9267A6E9A00E44644 /* p7.JPG */,
				DACD1CA3267A6E9A00E44644 /* p8.JPG */,
				DACD1CAA267A6E9B00E44644 /* p9.HEIC */,
				DACD1CB4267A6E9C00E44644 /* p10.HEIC */,
				DACD1CAF267A6E9B00E44644 /* p11.HEIC */,
				DACD1CAB267A6E9B00E44644 /* p12.HEIC */,
				DACD1CAC267A6E9B00E44644 /* p13.HEIC */,
				DACD1CA2267A6E9A00E44644 /* p14.HEIC */,
				DACD1CB0267A6E9B00E44644 /* p15.JPG */,
				DACD1CA6267A6E9A00E44644 /* p16.HEIC */,
				DACD1CB1267A6E9B00E44644 /* p17.HEIC */,
				DACD1CB5267A6E9C00E44644 /* p18.HEIC */,
				DACD1CAE267A6E9B00E44644 /* p19.HEIC */,
				DACD1CAD267A6E9B00E44644 /* p20.HEIC */,
				DACD1CB6267A6E9C00E44644 /* p21.JPG */,
			);
			path = pics;
			sourceTree = "<group>";
		};
		DACD1CCC267A723000E44644 /* views */ = {
			isa = PBXGroup;
			children = (
			);
			path = views;
			sourceTree = "<group>";
		};
		DACD1CCD267A726100E44644 /* model */ = {
			isa = PBXGroup;
			children = (
				DACD1CCE267A72FD00E44644 /* ImageModel.swift */,
			);
			path = model;
			sourceTree = "<group>";
		};
/* End PBXGroup section */

/* Begin PBXNativeTarget section */
		DA8ED31A267952FB00D41D52 /* ios-photo-gallery */ = {
			isa = PBXNativeTarget;
			buildConfigurationList = DA8ED32A267952FC00D41D52 /* Build configuration list for PBXNativeTarget "ios-photo-gallery" */;
			buildPhases = (
				DA8ED317267952FB00D41D52 /* Sources */,
				DA8ED318267952FB00D41D52 /* Frameworks */,
				DA8ED319267952FB00D41D52 /* Resources */,
			);
			buildRules = (
			);
			dependencies = (
			);
			name = "ios-photo-gallery";
			productName = "ios-photo-gallery";
			productReference = DA8ED31B267952FB00D41D52 /* ios-photo-gallery.app */;
			productType = "com.apple.product-type.application";
		};
/* End PBXNativeTarget section */

/* Begin PBXProject section */
		DA8ED313267952FB00D41D52 /* Project object */ = {
			isa = PBXProject;
			attributes = {
				LastSwiftUpdateCheck = 1250;
				LastUpgradeCheck = 1250;
				TargetAttributes = {
					DA8ED31A267952FB00D41D52 = {
						CreatedOnToolsVersion = 12.5;
					};
				};
			};
			buildConfigurationList = DA8ED316267952FB00D41D52 /* Build configuration list for PBXProject "ios-photo-gallery" */;
			compatibilityVersion = "Xcode 9.3";
			developmentRegion = en;
			hasScannedForEncodings = 0;
			knownRegions = (
				en,
				Base,
			);
			mainGroup = DA8ED312267952FB00D41D52;
			productRefGroup = DA8ED31C267952FB00D41D52 /* Products */;
			projectDirPath = "";
			projectRoot = "";
			targets = (
				DA8ED31A267952FB00D41D52 /* ios-photo-gallery */,
			);
		};
/* End PBXProject section */

/* Begin PBXResourcesBuildPhase section */
		DA8ED319267952FB00D41D52 /* Resources */ = {
			isa = PBXResourcesBuildPhase;
			buildActionMask = 2147483647;
			files = (
				DACD1CBC267A6E9C00E44644 /* p3.HEIC in Resources */,
				DACD1CBD267A6E9C00E44644 /* p2.HEIC in Resources */,
				DACD1CC2267A6E9C00E44644 /* p20.HEIC in Resources */,
				DACD1CB7267A6E9C00E44644 /* p14.HEIC in Resources */,
				DACD1CBA267A6E9C00E44644 /* p4.HEIC in Resources */,
				DACD1CC7267A6E9C00E44644 /* p5.HEIC in Resources */,
				DACD1CC8267A6E9C00E44644 /* p6.HEIC in Resources */,
				DACD1CC6267A6E9C00E44644 /* p17.HEIC in Resources */,
				DACD1CBF267A6E9C00E44644 /* p9.HEIC in Resources */,
				DACD1CB9267A6E9C00E44644 /* p1.HEIC in Resources */,
				DACD1CC5267A6E9C00E44644 /* p15.JPG in Resources */,
				DACD1CB8267A6E9C00E44644 /* p8.JPG in Resources */,
				DACD1CBE267A6E9C00E44644 /* p7.JPG in Resources */,
				DACD1CC1267A6E9C00E44644 /* p13.HEIC in Resources */,
				DACD1CBB267A6E9C00E44644 /* p16.HEIC in Resources */,
				DACD1CCB267A6E9C00E44644 /* p21.JPG in Resources */,
				DACD1CC0267A6E9C00E44644 /* p12.HEIC in Resources */,
				DA8ED326267952FC00D41D52 /* Preview Assets.xcassets in Resources */,
				DACD1CCA267A6E9C00E44644 /* p18.HEIC in Resources */,
				DA8ED323267952FC00D41D52 /* Assets.xcassets in Resources */,
				DACD1CC9267A6E9C00E44644 /* p10.HEIC in Resources */,
				DACD1CC3267A6E9C00E44644 /* p19.HEIC in Resources */,
				DACD1CC4267A6E9C00E44644 /* p11.HEIC in Resources */,
			);
			runOnlyForDeploymentPostprocessing = 0;
		};
/* End PBXResourcesBuildPhase section */

/* Begin PBXSourcesBuildPhase section */
		DA8ED317267952FB00D41D52 /* Sources */ = {
			isa = PBXSourcesBuildPhase;
			buildActionMask = 2147483647;
			files = (
				DA8ED321267952FB00D41D52 /* ContentView.swift in Sources */,
				DACD1CCF267A72FD00E44644 /* ImageModel.swift in Sources */,
				DA8ED31F267952FB00D41D52 /* ios_photo_galleryApp.swift in Sources */,
			);
			runOnlyForDeploymentPostprocessing = 0;
		};
/* End PBXSourcesBuildPhase section */

/* Begin XCBuildConfiguration section */
		DA8ED328267952FC00D41D52 /* Debug */ = {
			isa = XCBuildConfiguration;
			buildSettings = {
				ALWAYS_SEARCH_USER_PATHS = NO;
				CLANG_ANALYZER_NONNULL = YES;
				CLANG_ANALYZER_NUMBER_OBJECT_CONVERSION = YES_AGGRESSIVE;
				CLANG_CXX_LANGUAGE_STANDARD = "gnu++14";
				CLANG_CXX_LIBRARY = "libc++";
				CLANG_ENABLE_MODULES = YES;
				CLANG_ENABLE_OBJC_ARC = YES;
				CLANG_ENABLE_OBJC_WEAK = YES;
				CLANG_WARN_BLOCK_CAPTURE_AUTORELEASING = YES;
				CLANG_WARN_BOOL_CONVERSION = YES;
				CLANG_WARN_COMMA = YES;
				CLANG_WARN_CONSTANT_CONVERSION = YES;
				CLANG_WARN_DEPRECATED_OBJC_IMPLEMENTATIONS = YES;
				CLANG_WARN_DIRECT_OBJC_ISA_USAGE = YES_ERROR;
				CLANG_WARN_DOCUMENTATION_COMMENTS = YES;
				CLANG_WARN_EMPTY_BODY = YES;
				CLANG_WARN_ENUM_CONVERSION = YES;
				CLANG_WARN_INFINITE_RECURSION = YES;
				CLANG_WARN_INT_CONVERSION = YES;
				CLANG_WARN_NON_LITERAL_NULL_CONVERSION = YES;
				CLANG_WARN_OBJC_IMPLICIT_RETAIN_SELF = YES;
				CLANG_WARN_OBJC_LITERAL_CONVERSION = YES;
				CLANG_WARN_OBJC_ROOT_CLASS = YES_ERROR;
				CLANG_WARN_QUOTED_INCLUDE_IN_FRAMEWORK_HEADER = YES;
				CLANG_WARN_RANGE_LOOP_ANALYSIS = YES;
				CLANG_WARN_STRICT_PROTOTYPES = YES;
				CLANG_WARN_SUSPICIOUS_MOVE = YES;
				CLANG_WARN_UNGUARDED_AVAILABILITY = YES_AGGRESSIVE;
				CLANG_WARN_UNREACHABLE_CODE = YES;
				CLANG_WARN__DUPLICATE_METHOD_MATCH = YES;
				COPY_PHASE_STRIP = NO;
				DEBUG_INFORMATION_FORMAT = dwarf;
				ENABLE_STRICT_OBJC_MSGSEND = YES;
				ENABLE_TESTABILITY = YES;
				GCC_C_LANGUAGE_STANDARD = gnu11;
				GCC_DYNAMIC_NO_PIC = NO;
				GCC_NO_COMMON_BLOCKS = YES;
				GCC_OPTIMIZATION_LEVEL = 0;
				GCC_PREPROCESSOR_DEFINITIONS = (
					"DEBUG=1",
					"$(inherited)",
				);
				GCC_WARN_64_TO_32_BIT_CONVERSION = YES;
				GCC_WARN_ABOUT_RETURN_TYPE = YES_ERROR;
				GCC_WARN_UNDECLARED_SELECTOR = YES;
				GCC_WARN_UNINITIALIZED_AUTOS = YES_AGGRESSIVE;
				GCC_WARN_UNUSED_FUNCTION = YES;
				GCC_WARN_UNUSED_VARIABLE = YES;
				IPHONEOS_DEPLOYMENT_TARGET = 14.5;
				MTL_ENABLE_DEBUG_INFO = INCLUDE_SOURCE;
				MTL_FAST_MATH = YES;
				ONLY_ACTIVE_ARCH = YES;
				SDKROOT = iphoneos;
				SWIFT_ACTIVE_COMPILATION_CONDITIONS = DEBUG;
				SWIFT_OPTIMIZATION_LEVEL = "-Onone";
			};
			name = Debug;
		};
		DA8ED329267952FC00D41D52 /* Release */ = {
			isa = XCBuildConfiguration;
			buildSettings = {
				ALWAYS_SEARCH_USER_PATHS = NO;
				CLANG_ANALYZER_NONNULL = YES;
				CLANG_ANALYZER_NUMBER_OBJECT_CONVERSION = YES_AGGRESSIVE;
				CLANG_CXX_LANGUAGE_STANDARD = "gnu++14";
				CLANG_CXX_LIBRARY = "libc++";
				CLANG_ENABLE_MODULES = YES;
				CLANG_ENABLE_OBJC_ARC = YES;
				CLANG_ENABLE_OBJC_WEAK = YES;
				CLANG_WARN_BLOCK_CAPTURE_AUTORELEASING = YES;
				CLANG_WARN_BOOL_CONVERSION = YES;
				CLANG_WARN_COMMA = YES;
				CLANG_WARN_CONSTANT_CONVERSION = YES;
				CLANG_WARN_DEPRECATED_OBJC_IMPLEMENTATIONS = YES;
				CLANG_WARN_DIRECT_OBJC_ISA_USAGE = YES_ERROR;
				CLANG_WARN_DOCUMENTATION_COMMENTS = YES;
				CLANG_WARN_EMPTY_BODY = YES;
				CLANG_WARN_ENUM_CONVERSION = YES;
				CLANG_WARN_INFINITE_RECURSION = YES;
				CLANG_WARN_INT_CONVERSION = YES;
				CLANG_WARN_NON_LITERAL_NULL_CONVERSION = YES;
				CLANG_WARN_OBJC_IMPLICIT_RETAIN_SELF = YES;
				CLANG_WARN_OBJC_LITERAL_CONVERSION = YES;
				CLANG_WARN_OBJC_ROOT_CLASS = YES_ERROR;
				CLANG_WARN_QUOTED_INCLUDE_IN_FRAMEWORK_HEADER = YES;
				CLANG_WARN_RANGE_LOOP_ANALYSIS = YES;
				CLANG_WARN_STRICT_PROTOTYPES = YES;
				CLANG_WARN_SUSPICIOUS_MOVE = YES;
				CLANG_WARN_UNGUARDED_AVAILABILITY = YES_AGGRESSIVE;
				CLANG_WARN_UNREACHABLE_CODE = YES;
				CLANG_WARN__DUPLICATE_METHOD_MATCH = YES;
				COPY_PHASE_STRIP = NO;
				DEBUG_INFORMATION_FORMAT = "dwarf-with-dsym";
				ENABLE_NS_ASSERTIONS = NO;
				ENABLE_STRICT_OBJC_MSGSEND = YES;
				GCC_C_LANGUAGE_STANDARD = gnu11;
				GCC_NO_COMMON_BLOCKS = YES;
				GCC_WARN_64_TO_32_BIT_CONVERSION = YES;
				GCC_WARN_ABOUT_RETURN_TYPE = YES_ERROR;
				GCC_WARN_UNDECLARED_SELECTOR = YES;
				GCC_WARN_UNINITIALIZED_AUTOS = YES_AGGRESSIVE;
				GCC_WARN_UNUSED_FUNCTION = YES;
				GCC_WARN_UNUSED_VARIABLE = YES;
				IPHONEOS_DEPLOYMENT_TARGET = 14.5;
				MTL_ENABLE_DEBUG_INFO = NO;
				MTL_FAST_MATH = YES;
				SDKROOT = iphoneos;
				SWIFT_COMPILATION_MODE = wholemodule;
				SWIFT_OPTIMIZATION_LEVEL = "-O";
				VALIDATE_PRODUCT = YES;
			};
			name = Release;
		};
		DA8ED32B267952FC00D41D52 /* Debug */ = {
			isa = XCBuildConfiguration;
			buildSettings = {
				ASSETCATALOG_COMPILER_APPICON_NAME = AppIcon;
				ASSETCATALOG_COMPILER_GLOBAL_ACCENT_COLOR_NAME = AccentColor;
				CODE_SIGN_STYLE = Automatic;
				DEVELOPMENT_ASSET_PATHS = "\"ios-photo-gallery/Preview Content\"";
				DEVELOPMENT_TEAM = GTYP9QNGLH;
				ENABLE_PREVIEWS = YES;
				INFOPLIST_FILE = "ios-photo-gallery/Info.plist";
				IPHONEOS_DEPLOYMENT_TARGET = 14.0;
				LD_RUNPATH_SEARCH_PATHS = (
					"$(inherited)",
					"@executable_path/Frameworks",
				);
				PRODUCT_BUNDLE_IDENTIFIER = "com.ken.ios-photo-gallery";
				PRODUCT_NAME = "$(TARGET_NAME)";
				SWIFT_VERSION = 5.0;
				TARGETED_DEVICE_FAMILY = "1,2";
			};
			name = Debug;
		};
		DA8ED32C267952FC00D41D52 /* Release */ = {
			isa = XCBuildConfiguration;
			buildSettings = {
				ASSETCATALOG_COMPILER_APPICON_NAME = AppIcon;
				ASSETCATALOG_COMPILER_GLOBAL_ACCENT_COLOR_NAME = AccentColor;
				CODE_SIGN_STYLE = Automatic;
				DEVELOPMENT_ASSET_PATHS = "\"ios-photo-gallery/Preview Content\"";
				DEVELOPMENT_TEAM = GTYP9QNGLH;
				ENABLE_PREVIEWS = YES;
				INFOPLIST_FILE = "ios-photo-gallery/Info.plist";
				IPHONEOS_DEPLOYMENT_TARGET = 14.0;
				LD_RUNPATH_SEARCH_PATHS = (
					"$(inherited)",
					"@executable_path/Frameworks",
				);
				PRODUCT_BUNDLE_IDENTIFIER = "com.ken.ios-photo-gallery";
				PRODUCT_NAME = "$(TARGET_NAME)";
				SWIFT_VERSION = 5.0;
				TARGETED_DEVICE_FAMILY = "1,2";
			};
			name = Release;
		};
/* End XCBuildConfiguration section */

/* Begin XCConfigurationList section */
		DA8ED316267952FB00D41D52 /* Build configuration list for PBXProject "ios-photo-gallery" */ = {
			isa = XCConfigurationList;
			buildConfigurations = (
				DA8ED328267952FC00D41D52 /* Debug */,
				DA8ED329267952FC00D41D52 /* Release */,
			);
			defaultConfigurationIsVisible = 0;
			defaultConfigurationName = Release;
		};
		DA8ED32A267952FC00D41D52 /* Build configuration list for PBXNativeTarget "ios-photo-gallery" */ = {
			isa = XCConfigurationList;
			buildConfigurations = (
				DA8ED32B267952FC00D41D52 /* Debug */,
				DA8ED32C267952FC00D41D52 /* Release */,
			);
			defaultConfigurationIsVisible = 0;
			defaultConfigurationName = Release;
		};
/* End XCConfigurationList section */
	};
	rootObject = DA8ED313267952FB00D41D52 /* Project object */;
}
